// !$*UTF8*$!
{
	archiveVersion = 1;
	classes = {
	};
	objectVersion = 46;
	objects = {

/* Begin PBXAggregateTarget section */
		24416B8111C4CA220047AFDD /* Build & Test */ = {
			isa = PBXAggregateTarget;
			buildConfigurationList = 24416B8A11C4CA520047AFDD /* Build configuration list for PBXAggregateTarget "Build & Test" */;
			buildPhases = (
				24416B8011C4CA220047AFDD /* ShellScript */,
			);
			dependencies = (
				24416B8511C4CA280047AFDD /* PBXTargetDependency */,
			);
			name = "Build & Test";
			productName = "Build & test";
		};
/* End PBXAggregateTarget section */

/* Begin PBXBuildFile section */
		0E57F9FB1D1A4A1F00DAC1F3 /* Charts.framework in Frameworks */ = {isa = PBXBuildFile; fileRef = 0E57F9FA1D1A4A1F00DAC1F3 /* Charts.framework */; };
		0E57F9FD1D1A4DB000DAC1F3 /* Charts-Swift.h in Headers */ = {isa = PBXBuildFile; fileRef = 0E57F9FC1D1A4DB000DAC1F3 /* Charts-Swift.h */; settings = {ATTRIBUTES = (Public, ); }; };
		0E57FB211D1C89F700DAC1F3 /* NzCoSimplypayrollChartsBarChartView.m in Sources */ = {isa = PBXBuildFile; fileRef = 0E57FB201D1C89F700DAC1F3 /* NzCoSimplypayrollChartsBarChartView.m */; };
		0E57FB231D1C8A1200DAC1F3 /* NzCoSimplypayrollChartsBarChartViewProxy.m in Sources */ = {isa = PBXBuildFile; fileRef = 0E57FB221D1C8A1200DAC1F3 /* NzCoSimplypayrollChartsBarChartViewProxy.m */; };
		0E6DF6DD1D2081350016683C /* NzCoSimplypayrollChartsLegendProxy.m in Sources */ = {isa = PBXBuildFile; fileRef = 0E6DF6DC1D2081350016683C /* NzCoSimplypayrollChartsLegendProxy.m */; };
		0E6DF6E11D2083640016683C /* TiConverter.h in Headers */ = {isa = PBXBuildFile; fileRef = 0E6DF6E01D2083640016683C /* TiConverter.h */; };
		0E6DF6E31D2083770016683C /* TiConverter.m in Sources */ = {isa = PBXBuildFile; fileRef = 0E6DF6E21D2083770016683C /* TiConverter.m */; };
		0E6DF6E51D209C2A0016683C /* NzCoSimplypayrollChartsAxisBaseProxy.m in Sources */ = {isa = PBXBuildFile; fileRef = 0E6DF6E41D209C2A0016683C /* NzCoSimplypayrollChartsAxisBaseProxy.m */; };
		0E6DF6E71D209C480016683C /* NzCoSimplypayrollChartsXAxisProxy.m in Sources */ = {isa = PBXBuildFile; fileRef = 0E6DF6E61D209C480016683C /* NzCoSimplypayrollChartsXAxisProxy.m */; };
		0E6DF6E91D209C650016683C /* NzCoSimplypayrollChartsYAxisProxy.m in Sources */ = {isa = PBXBuildFile; fileRef = 0E6DF6E81D209C650016683C /* NzCoSimplypayrollChartsYAxisProxy.m */; };
		0E6DF6EF1D20D39A0016683C /* CustomMarkerView.m in Sources */ = {isa = PBXBuildFile; fileRef = 0E6DF6EE1D20D39A0016683C /* CustomMarkerView.m */; };
		0ECFB2221D13BC00001AF741 /* NzCoSimplypayrollChartsChartDataProxy.h in Headers */ = {isa = PBXBuildFile; fileRef = 0ECFB2211D13BC00001AF741 /* NzCoSimplypayrollChartsChartDataProxy.h */; };
		0ECFB2241D174775001AF741 /* NzCoSimplypayrollChartsBarDataProxy.m in Sources */ = {isa = PBXBuildFile; fileRef = 0ECFB2231D174775001AF741 /* NzCoSimplypayrollChartsBarDataProxy.m */; };
		0ECFB2261D174A16001AF741 /* NzCoSimplypayrollChartsChartDataProxy.m in Sources */ = {isa = PBXBuildFile; fileRef = 0ECFB2251D174A16001AF741 /* NzCoSimplypayrollChartsChartDataProxy.m */; };
		24DD6CF91134B3F500162E58 /* NzCoSimplypayrollChartsModule.h in Headers */ = {isa = PBXBuildFile; fileRef = 24DD6CF71134B3F500162E58 /* NzCoSimplypayrollChartsModule.h */; };
		24DD6CFA1134B3F500162E58 /* NzCoSimplypayrollChartsModule.m in Sources */ = {isa = PBXBuildFile; fileRef = 24DD6CF81134B3F500162E58 /* NzCoSimplypayrollChartsModule.m */; };
		24DE9E1111C5FE74003F90F6 /* NzCoSimplypayrollChartsModuleAssets.h in Headers */ = {isa = PBXBuildFile; fileRef = 24DE9E0F11C5FE74003F90F6 /* NzCoSimplypayrollChartsModuleAssets.h */; };
		24DE9E1211C5FE74003F90F6 /* NzCoSimplypayrollChartsModuleAssets.m in Sources */ = {isa = PBXBuildFile; fileRef = 24DE9E1011C5FE74003F90F6 /* NzCoSimplypayrollChartsModuleAssets.m */; };
		AA747D9F0F9514B9006C5449 /* NzCoSimplypayrollCharts_Prefix.pch in Headers */ = {isa = PBXBuildFile; fileRef = AA747D9E0F9514B9006C5449 /* NzCoSimplypayrollCharts_Prefix.pch */; };
		AACBBE4A0F95108600F1A2B1 /* Foundation.framework in Frameworks */ = {isa = PBXBuildFile; fileRef = AACBBE490F95108600F1A2B1 /* Foundation.framework */; };
/* End PBXBuildFile section */

/* Begin PBXContainerItemProxy section */
		24416B8411C4CA280047AFDD /* PBXContainerItemProxy */ = {
			isa = PBXContainerItemProxy;
			containerPortal = 0867D690FE84028FC02AAC07 /* Project object */;
			proxyType = 1;
			remoteGlobalIDString = D2AAC07D0554694100DB518D;
			remoteInfo = TiCharts;
		};
/* End PBXContainerItemProxy section */

/* Begin PBXFileReference section */
		0E57F9FA1D1A4A1F00DAC1F3 /* Charts.framework */ = {isa = PBXFileReference; lastKnownFileType = wrapper.framework; name = Charts.framework; path = platform/Charts.framework; sourceTree = "<group>"; };
		0E57F9FC1D1A4DB000DAC1F3 /* Charts-Swift.h */ = {isa = PBXFileReference; lastKnownFileType = sourcecode.c.h; name = "Charts-Swift.h"; path = "platform/Charts.framework/Headers/Charts-Swift.h"; sourceTree = "<group>"; };
		0E57FB1E1D1C89D700DAC1F3 /* NzCoSimplypayrollChartsBarChartView.h */ = {isa = PBXFileReference; lastKnownFileType = sourcecode.c.h; path = NzCoSimplypayrollChartsBarChartView.h; sourceTree = "<group>"; };
		0E57FB1F1D1C89E500DAC1F3 /* NzCoSimplypayrollChartsBarChartViewProxy.h */ = {isa = PBXFileReference; lastKnownFileType = sourcecode.c.h; path = NzCoSimplypayrollChartsBarChartViewProxy.h; sourceTree = "<group>"; };
		0E57FB201D1C89F700DAC1F3 /* NzCoSimplypayrollChartsBarChartView.m */ = {isa = PBXFileReference; fileEncoding = 4; lastKnownFileType = sourcecode.c.objc; path = NzCoSimplypayrollChartsBarChartView.m; sourceTree = "<group>"; };
		0E57FB221D1C8A1200DAC1F3 /* NzCoSimplypayrollChartsBarChartViewProxy.m */ = {isa = PBXFileReference; fileEncoding = 4; lastKnownFileType = sourcecode.c.objc; path = NzCoSimplypayrollChartsBarChartViewProxy.m; sourceTree = "<group>"; };
		0E6DF6DC1D2081350016683C /* NzCoSimplypayrollChartsLegendProxy.m */ = {isa = PBXFileReference; fileEncoding = 4; lastKnownFileType = sourcecode.c.objc; path = NzCoSimplypayrollChartsLegendProxy.m; sourceTree = "<group>"; };
		0E6DF6DE1D2081480016683C /* NzCoSimplypayrollChartsLegendProxy.h */ = {isa = PBXFileReference; lastKnownFileType = sourcecode.c.h; path = NzCoSimplypayrollChartsLegendProxy.h; sourceTree = "<group>"; };
		0E6DF6E01D2083640016683C /* TiConverter.h */ = {isa = PBXFileReference; fileEncoding = 4; lastKnownFileType = sourcecode.c.h; path = TiConverter.h; sourceTree = "<group>"; };
		0E6DF6E21D2083770016683C /* TiConverter.m */ = {isa = PBXFileReference; fileEncoding = 4; lastKnownFileType = sourcecode.c.objc; path = TiConverter.m; sourceTree = "<group>"; };
		0E6DF6E41D209C2A0016683C /* NzCoSimplypayrollChartsAxisBaseProxy.m */ = {isa = PBXFileReference; fileEncoding = 4; lastKnownFileType = sourcecode.c.objc; path = NzCoSimplypayrollChartsAxisBaseProxy.m; sourceTree = "<group>"; };
		0E6DF6E61D209C480016683C /* NzCoSimplypayrollChartsXAxisProxy.m */ = {isa = PBXFileReference; fileEncoding = 4; lastKnownFileType = sourcecode.c.objc; path = NzCoSimplypayrollChartsXAxisProxy.m; sourceTree = "<group>"; };
		0E6DF6E81D209C650016683C /* NzCoSimplypayrollChartsYAxisProxy.m */ = {isa = PBXFileReference; fileEncoding = 4; lastKnownFileType = sourcecode.c.objc; path = NzCoSimplypayrollChartsYAxisProxy.m; sourceTree = "<group>"; };
		0E6DF6EA1D209C790016683C /* NzCoSimplypayrollChartsAxisBaseProxy.h */ = {isa = PBXFileReference; lastKnownFileType = sourcecode.c.h; path = NzCoSimplypayrollChartsAxisBaseProxy.h; sourceTree = "<group>"; };
		0E6DF6EB1D209C8B0016683C /* NzCoSimplypayrollChartsXAxisProxy.h */ = {isa = PBXFileReference; lastKnownFileType = sourcecode.c.h; path = NzCoSimplypayrollChartsXAxisProxy.h; sourceTree = "<group>"; };
		0E6DF6EC1D209C9C0016683C /* NzCoSimplypayrollChartsYAxisProxy.h */ = {isa = PBXFileReference; lastKnownFileType = sourcecode.c.h; path = NzCoSimplypayrollChartsYAxisProxy.h; sourceTree = "<group>"; };
		0E6DF6ED1D20D3880016683C /* CustomMarkerView.h */ = {isa = PBXFileReference; lastKnownFileType = sourcecode.c.h; path = CustomMarkerView.h; sourceTree = "<group>"; };
		0E6DF6EE1D20D39A0016683C /* CustomMarkerView.m */ = {isa = PBXFileReference; fileEncoding = 4; lastKnownFileType = sourcecode.c.objc; path = CustomMarkerView.m; sourceTree = "<group>"; };
		0ECFB21A1D13BBAB001AF741 /* NzCoSimplypayrollChartsBarDataProxy.h */ = {isa = PBXFileReference; lastKnownFileType = sourcecode.c.h; name = NzCoSimplypayrollChartsBarDataProxy.h; path = Classes/NzCoSimplypayrollChartsBarDataProxy.h; sourceTree = "<group>"; };
		0ECFB2201D13BBE1001AF741 /* NzCoSimplypayrollChartsLineDataProxy.h */ = {isa = PBXFileReference; lastKnownFileType = sourcecode.c.h; name = NzCoSimplypayrollChartsLineDataProxy.h; path = Classes/NzCoSimplypayrollChartsLineDataProxy.h; sourceTree = "<group>"; };
		0ECFB2211D13BC00001AF741 /* NzCoSimplypayrollChartsChartDataProxy.h */ = {isa = PBXFileReference; fileEncoding = 4; lastKnownFileType = sourcecode.c.h; name = NzCoSimplypayrollChartsChartDataProxy.h; path = Classes/NzCoSimplypayrollChartsChartDataProxy.h; sourceTree = "<group>"; };
		0ECFB2231D174775001AF741 /* NzCoSimplypayrollChartsBarDataProxy.m */ = {isa = PBXFileReference; fileEncoding = 4; lastKnownFileType = sourcecode.c.objc; name = NzCoSimplypayrollChartsBarDataProxy.m; path = Classes/NzCoSimplypayrollChartsBarDataProxy.m; sourceTree = "<group>"; };
		0ECFB2251D174A16001AF741 /* NzCoSimplypayrollChartsChartDataProxy.m */ = {isa = PBXFileReference; fileEncoding = 4; lastKnownFileType = sourcecode.c.objc; name = NzCoSimplypayrollChartsChartDataProxy.m; path = Classes/NzCoSimplypayrollChartsChartDataProxy.m; sourceTree = "<group>"; };
		24DD6CF71134B3F500162E58 /* NzCoSimplypayrollChartsModule.h */ = {isa = PBXFileReference; fileEncoding = 4; lastKnownFileType = sourcecode.c.h; name = NzCoSimplypayrollChartsModule.h; path = Classes/NzCoSimplypayrollChartsModule.h; sourceTree = "<group>"; };
		24DD6CF81134B3F500162E58 /* NzCoSimplypayrollChartsModule.m */ = {isa = PBXFileReference; fileEncoding = 4; lastKnownFileType = sourcecode.c.objc; name = NzCoSimplypayrollChartsModule.m; path = Classes/NzCoSimplypayrollChartsModule.m; sourceTree = "<group>"; };
		24DD6D1B1134B66800162E58 /* titanium.xcconfig */ = {isa = PBXFileReference; fileEncoding = 4; lastKnownFileType = text.xcconfig; path = titanium.xcconfig; sourceTree = "<group>"; };
		24DE9E0F11C5FE74003F90F6 /* NzCoSimplypayrollChartsModuleAssets.h */ = {isa = PBXFileReference; fileEncoding = 4; lastKnownFileType = sourcecode.c.h; name = NzCoSimplypayrollChartsModuleAssets.h; path = Classes/NzCoSimplypayrollChartsModuleAssets.h; sourceTree = "<group>"; };
		24DE9E1011C5FE74003F90F6 /* NzCoSimplypayrollChartsModuleAssets.m */ = {isa = PBXFileReference; fileEncoding = 4; lastKnownFileType = sourcecode.c.objc; name = NzCoSimplypayrollChartsModuleAssets.m; path = Classes/NzCoSimplypayrollChartsModuleAssets.m; sourceTree = "<group>"; };
		AA747D9E0F9514B9006C5449 /* NzCoSimplypayrollCharts_Prefix.pch */ = {isa = PBXFileReference; fileEncoding = 4; lastKnownFileType = sourcecode.c.h; path = NzCoSimplypayrollCharts_Prefix.pch; sourceTree = SOURCE_ROOT; };
		AACBBE490F95108600F1A2B1 /* Foundation.framework */ = {isa = PBXFileReference; lastKnownFileType = wrapper.framework; name = Foundation.framework; path = System/Library/Frameworks/Foundation.framework; sourceTree = SDKROOT; };
		D2AAC07E0554694100DB518D /* libNzCoSimplypayrollCharts.a */ = {isa = PBXFileReference; explicitFileType = archive.ar; includeInIndex = 0; path = libNzCoSimplypayrollCharts.a; sourceTree = BUILT_PRODUCTS_DIR; };
/* End PBXFileReference section */

/* Begin PBXFrameworksBuildPhase section */
		D2AAC07C0554694100DB518D /* Frameworks */ = {
			isa = PBXFrameworksBuildPhase;
			buildActionMask = 2147483647;
			files = (
				0E57F9FB1D1A4A1F00DAC1F3 /* Charts.framework in Frameworks */,
				AACBBE4A0F95108600F1A2B1 /* Foundation.framework in Frameworks */,
			);
			runOnlyForDeploymentPostprocessing = 0;
		};
/* End PBXFrameworksBuildPhase section */

/* Begin PBXGroup section */
		034768DFFF38A50411DB9C8B /* Products */ = {
			isa = PBXGroup;
			children = (
				D2AAC07E0554694100DB518D /* libNzCoSimplypayrollCharts.a */,
			);
			name = Products;
			sourceTree = "<group>";
		};
		0867D691FE84028FC02AAC07 /* TiCharts */ = {
			isa = PBXGroup;
			children = (
				0E57F9FC1D1A4DB000DAC1F3 /* Charts-Swift.h */,
				08FB77AEFE84172EC02AAC07 /* Classes */,
				32C88DFF0371C24200C91783 /* Other Sources */,
				0867D69AFE84028FC02AAC07 /* Frameworks */,
				034768DFFF38A50411DB9C8B /* Products */,
			);
			name = TiCharts;
			sourceTree = "<group>";
		};
		0867D69AFE84028FC02AAC07 /* Frameworks */ = {
			isa = PBXGroup;
			children = (
				0E57F9FA1D1A4A1F00DAC1F3 /* Charts.framework */,
				AACBBE490F95108600F1A2B1 /* Foundation.framework */,
			);
			name = Frameworks;
			sourceTree = "<group>";
		};
		08FB77AEFE84172EC02AAC07 /* Classes */ = {
			isa = PBXGroup;
			children = (
				0E6DF6DF1D2083240016683C /* utils */,
				0E502E6A1D13B99E00B26777 /* data */,
				0E502E691D13B98200B26777 /* views */,
				0E502E681D13B97500B26777 /* components */,
				24DE9E0F11C5FE74003F90F6 /* NzCoSimplypayrollChartsModuleAssets.h */,
				24DE9E1011C5FE74003F90F6 /* NzCoSimplypayrollChartsModuleAssets.m */,
				24DD6CF71134B3F500162E58 /* NzCoSimplypayrollChartsModule.h */,
				24DD6CF81134B3F500162E58 /* NzCoSimplypayrollChartsModule.m */,
			);
			name = Classes;
			sourceTree = "<group>";
		};
		0E502E681D13B97500B26777 /* components */ = {
			isa = PBXGroup;
			children = (
				0E6DF6DC1D2081350016683C /* NzCoSimplypayrollChartsLegendProxy.m */,
				0E6DF6DE1D2081480016683C /* NzCoSimplypayrollChartsLegendProxy.h */,
				0E6DF6E41D209C2A0016683C /* NzCoSimplypayrollChartsAxisBaseProxy.m */,
				0E6DF6E61D209C480016683C /* NzCoSimplypayrollChartsXAxisProxy.m */,
				0E6DF6E81D209C650016683C /* NzCoSimplypayrollChartsYAxisProxy.m */,
				0E6DF6EA1D209C790016683C /* NzCoSimplypayrollChartsAxisBaseProxy.h */,
				0E6DF6EB1D209C8B0016683C /* NzCoSimplypayrollChartsXAxisProxy.h */,
				0E6DF6EC1D209C9C0016683C /* NzCoSimplypayrollChartsYAxisProxy.h */,
			);
			name = components;
			sourceTree = "<group>";
		};
		0E502E691D13B98200B26777 /* views */ = {
			isa = PBXGroup;
			children = (
				0E57FB1E1D1C89D700DAC1F3 /* NzCoSimplypayrollChartsBarChartView.h */,
				0E57FB1F1D1C89E500DAC1F3 /* NzCoSimplypayrollChartsBarChartViewProxy.h */,
				0E57FB201D1C89F700DAC1F3 /* NzCoSimplypayrollChartsBarChartView.m */,
				0E57FB221D1C8A1200DAC1F3 /* NzCoSimplypayrollChartsBarChartViewProxy.m */,
			);
			name = views;
			sourceTree = "<group>";
		};
		0E502E6A1D13B99E00B26777 /* data */ = {
			isa = PBXGroup;
			children = (
				0ECFB21A1D13BBAB001AF741 /* NzCoSimplypayrollChartsBarDataProxy.h */,
				0ECFB2211D13BC00001AF741 /* NzCoSimplypayrollChartsChartDataProxy.h */,
				0ECFB2201D13BBE1001AF741 /* NzCoSimplypayrollChartsLineDataProxy.h */,
				0ECFB2231D174775001AF741 /* NzCoSimplypayrollChartsBarDataProxy.m */,
				0ECFB2251D174A16001AF741 /* NzCoSimplypayrollChartsChartDataProxy.m */,
			);
			name = data;
			sourceTree = "<group>";
		};
		0E6DF6DF1D2083240016683C /* utils */ = {
			isa = PBXGroup;
			children = (
				0E6DF6E01D2083640016683C /* TiConverter.h */,
				0E6DF6E21D2083770016683C /* TiConverter.m */,
				0E6DF6ED1D20D3880016683C /* CustomMarkerView.h */,
				0E6DF6EE1D20D39A0016683C /* CustomMarkerView.m */,
			);
			name = utils;
			sourceTree = "<group>";
		};
		32C88DFF0371C24200C91783 /* Other Sources */ = {
			isa = PBXGroup;
			children = (
				AA747D9E0F9514B9006C5449 /* NzCoSimplypayrollCharts_Prefix.pch */,
				24DD6D1B1134B66800162E58 /* titanium.xcconfig */,
			);
			name = "Other Sources";
			sourceTree = "<group>";
		};
/* End PBXGroup section */

/* Begin PBXHeadersBuildPhase section */
		D2AAC07A0554694100DB518D /* Headers */ = {
			isa = PBXHeadersBuildPhase;
			buildActionMask = 2147483647;
			files = (
				0E57F9FD1D1A4DB000DAC1F3 /* Charts-Swift.h in Headers */,
				0ECFB2221D13BC00001AF741 /* NzCoSimplypayrollChartsChartDataProxy.h in Headers */,
				0E6DF6E11D2083640016683C /* TiConverter.h in Headers */,
				AA747D9F0F9514B9006C5449 /* NzCoSimplypayrollCharts_Prefix.pch in Headers */,
				24DD6CF91134B3F500162E58 /* NzCoSimplypayrollChartsModule.h in Headers */,
				24DE9E1111C5FE74003F90F6 /* NzCoSimplypayrollChartsModuleAssets.h in Headers */,
			);
			runOnlyForDeploymentPostprocessing = 0;
		};
/* End PBXHeadersBuildPhase section */

/* Begin PBXNativeTarget section */
		D2AAC07D0554694100DB518D /* TiCharts */ = {
			isa = PBXNativeTarget;
			buildConfigurationList = 1DEB921E08733DC00010E9CD /* Build configuration list for PBXNativeTarget "TiCharts" */;
			buildPhases = (
				D2AAC07A0554694100DB518D /* Headers */,
				D2AAC07B0554694100DB518D /* Sources */,
				D2AAC07C0554694100DB518D /* Frameworks */,
				0E57FB161D1B8BB000DAC1F3 /* Resources */,
			);
			buildRules = (
			);
			dependencies = (
			);
			name = TiCharts;
			productName = TiCharts;
			productReference = D2AAC07E0554694100DB518D /* libNzCoSimplypayrollCharts.a */;
			productType = "com.apple.product-type.library.static";
		};
/* End PBXNativeTarget section */

/* Begin PBXProject section */
		0867D690FE84028FC02AAC07 /* Project object */ = {
			isa = PBXProject;
			attributes = {
				LastSwiftUpdateCheck = 0730;
				LastUpgradeCheck = 0600;
			};
			buildConfigurationList = 1DEB922208733DC00010E9CD /* Build configuration list for PBXProject "SimplyCharts" */;
			compatibilityVersion = "Xcode 3.2";
			developmentRegion = English;
			hasScannedForEncodings = 1;
			knownRegions = (
				English,
				Japanese,
				French,
				German,
			);
			mainGroup = 0867D691FE84028FC02AAC07 /* TiCharts */;
			productRefGroup = 034768DFFF38A50411DB9C8B /* Products */;
			projectDirPath = "";
			projectRoot = "";
			targets = (
				D2AAC07D0554694100DB518D /* TiCharts */,
				24416B8111C4CA220047AFDD /* Build & Test */,
			);
		};
/* End PBXProject section */

/* Begin PBXResourcesBuildPhase section */
		0E57FB161D1B8BB000DAC1F3 /* Resources */ = {
			isa = PBXResourcesBuildPhase;
			buildActionMask = 2147483647;
			files = (
			);
			runOnlyForDeploymentPostprocessing = 0;
		};
/* End PBXResourcesBuildPhase section */

/* Begin PBXShellScriptBuildPhase section */
		24416B8011C4CA220047AFDD /* ShellScript */ = {
			isa = PBXShellScriptBuildPhase;
			buildActionMask = 2147483647;
			files = (
			);
			inputPaths = (
			);
			outputPaths = (
			);
			runOnlyForDeploymentPostprocessing = 0;
			shellPath = /bin/sh;
			shellScript = "# shell script goes here\n\npython \"${TITANIUM_SDK}/titanium.py\" run --dir=\"${PROJECT_DIR}\"\nexit $?\n";
		};
/* End PBXShellScriptBuildPhase section */

/* Begin PBXSourcesBuildPhase section */
		D2AAC07B0554694100DB518D /* Sources */ = {
			isa = PBXSourcesBuildPhase;
			buildActionMask = 2147483647;
			files = (
				24DD6CFA1134B3F500162E58 /* NzCoSimplypayrollChartsModule.m in Sources */,
				0ECFB2261D174A16001AF741 /* NzCoSimplypayrollChartsChartDataProxy.m in Sources */,
				0E6DF6DD1D2081350016683C /* NzCoSimplypayrollChartsLegendProxy.m in Sources */,
				0E57FB231D1C8A1200DAC1F3 /* NzCoSimplypayrollChartsBarChartViewProxy.m in Sources */,
				0E57FB211D1C89F700DAC1F3 /* NzCoSimplypayrollChartsBarChartView.m in Sources */,
				0E6DF6EF1D20D39A0016683C /* CustomMarkerView.m in Sources */,
				0E6DF6E71D209C480016683C /* NzCoSimplypayrollChartsXAxisProxy.m in Sources */,
				0E6DF6E51D209C2A0016683C /* NzCoSimplypayrollChartsAxisBaseProxy.m in Sources */,
				0E6DF6E31D2083770016683C /* TiConverter.m in Sources */,
				0E6DF6E91D209C650016683C /* NzCoSimplypayrollChartsYAxisProxy.m in Sources */,
				24DE9E1211C5FE74003F90F6 /* NzCoSimplypayrollChartsModuleAssets.m in Sources */,
				0ECFB2241D174775001AF741 /* NzCoSimplypayrollChartsBarDataProxy.m in Sources */,
			);
			runOnlyForDeploymentPostprocessing = 0;
		};
/* End PBXSourcesBuildPhase section */

/* Begin PBXTargetDependency section */
		24416B8511C4CA280047AFDD /* PBXTargetDependency */ = {
			isa = PBXTargetDependency;
			target = D2AAC07D0554694100DB518D /* TiCharts */;
			targetProxy = 24416B8411C4CA280047AFDD /* PBXContainerItemProxy */;
		};
/* End PBXTargetDependency section */

/* Begin XCBuildConfiguration section */
		1DEB921F08733DC00010E9CD /* Debug */ = {
			isa = XCBuildConfiguration;
			baseConfigurationReference = 24DD6D1B1134B66800162E58 /* titanium.xcconfig */;
			buildSettings = {
				CODE_SIGN_IDENTITY = "iPhone Developer";
				"CODE_SIGN_IDENTITY[sdk=iphoneos*]" = "iPhone Developer";
				DSTROOT = /tmp/NzCoSimplypayrollCharts.dst;
				EMBEDDED_CONTENT_CONTAINS_SWIFT = YES;
				FRAMEWORK_SEARCH_PATHS = (
					"$(inherited)",
					"$(PROJECT_DIR)/platform/**",
				);
				GCC_C_LANGUAGE_STANDARD = c99;
				GCC_OPTIMIZATION_LEVEL = 0;
				GCC_PRECOMPILE_PREFIX_HEADER = YES;
				GCC_PREFIX_HEADER = NzCoSimplypayrollCharts_Prefix.pch;
				GCC_PREPROCESSOR_DEFINITIONS = "TI_VERSION=$(TI_VERSION)";
				GCC_TREAT_WARNINGS_AS_ERRORS = NO;
				GCC_VERSION = "";
				GCC_WARN_ABOUT_RETURN_TYPE = NO;
				GCC_WARN_MISSING_PARENTHESES = NO;
				GCC_WARN_SHADOW = NO;
				GCC_WARN_STRICT_SELECTOR_MATCH = NO;
				GCC_WARN_UNUSED_FUNCTION = YES;
				GCC_WARN_UNUSED_PARAMETER = NO;
				GCC_WARN_UNUSED_VALUE = NO;
				GCC_WARN_UNUSED_VARIABLE = NO;
				INSTALL_PATH = /usr/local/lib;
				IPHONEOS_DEPLOYMENT_TARGET = 9.3;
				LIBRARY_SEARCH_PATHS = (
					"$(inherited)",
					"$(PROJECT_DIR)/**",
				);
				OTHER_CFLAGS = (
					"-DDEBUG",
					"-DTI_POST_1_2",
				);
				OTHER_LDFLAGS = "-ObjC";
				PRODUCT_NAME = NzCoSimplypayrollCharts;
				PROVISIONING_PROFILE = "";
				"PROVISIONING_PROFILE[sdk=iphoneos*]" = "";
				RUN_CLANG_STATIC_ANALYZER = NO;
				SDKROOT = iphoneos;
				USER_HEADER_SEARCH_PATHS = "";
			};
			name = Debug;
		};
		1DEB922008733DC00010E9CD /* Release */ = {
			isa = XCBuildConfiguration;
			baseConfigurationReference = 24DD6D1B1134B66800162E58 /* titanium.xcconfig */;
			buildSettings = {
				ALWAYS_SEARCH_USER_PATHS = NO;
				DSTROOT = /tmp/NzCoSimplypayrollCharts.dst;
				EMBEDDED_CONTENT_CONTAINS_SWIFT = YES;
				FRAMEWORK_SEARCH_PATHS = (
					"$(inherited)",
					"$(PROJECT_DIR)/platform/**",
				);
				GCC_C_LANGUAGE_STANDARD = c99;
				GCC_MODEL_TUNING = G5;
				GCC_PRECOMPILE_PREFIX_HEADER = YES;
				GCC_PREFIX_HEADER = NzCoSimplypayrollCharts_Prefix.pch;
				GCC_PREPROCESSOR_DEFINITIONS = "TI_VERSION=$(TI_VERSION)";
				GCC_TREAT_WARNINGS_AS_ERRORS = NO;
				GCC_VERSION = "";
				GCC_WARN_ABOUT_RETURN_TYPE = NO;
				GCC_WARN_MISSING_PARENTHESES = NO;
				GCC_WARN_SHADOW = NO;
				GCC_WARN_STRICT_SELECTOR_MATCH = NO;
				GCC_WARN_UNUSED_FUNCTION = YES;
				GCC_WARN_UNUSED_PARAMETER = NO;
				GCC_WARN_UNUSED_VALUE = NO;
				GCC_WARN_UNUSED_VARIABLE = NO;
				INSTALL_PATH = /usr/local/lib;
				IPHONEOS_DEPLOYMENT_TARGET = 9.3;
				LIBRARY_SEARCH_PATHS = (
					"$(inherited)",
					"$(PROJECT_DIR)/**",
				);
				OTHER_CFLAGS = "-DTI_POST_1_2";
				OTHER_LDFLAGS = "-ObjC";
				PRODUCT_NAME = NzCoSimplypayrollCharts;
				RUN_CLANG_STATIC_ANALYZER = NO;
				SDKROOT = iphoneos;
				USER_HEADER_SEARCH_PATHS = "";
			};
			name = Release;
		};
		1DEB922308733DC00010E9CD /* Debug */ = {
			isa = XCBuildConfiguration;
			baseConfigurationReference = 24DD6D1B1134B66800162E58 /* titanium.xcconfig */;
			buildSettings = {
				CLANG_CXX_LIBRARY = "libstdc++";
				CODE_SIGN_IDENTITY = "iPhone Developer";
				"CODE_SIGN_IDENTITY[sdk=iphoneos*]" = "iPhone Developer";
				DSTROOT = /tmp/NzCoSimplypayrollCharts.dst;
				EMBEDDED_CONTENT_CONTAINS_SWIFT = YES;
				GCC_C_LANGUAGE_STANDARD = c99;
				GCC_OPTIMIZATION_LEVEL = 0;
				GCC_PRECOMPILE_PREFIX_HEADER = YES;
				GCC_PREFIX_HEADER = NzCoSimplypayrollCharts_Prefix.pch;
				GCC_PREPROCESSOR_DEFINITIONS = "TI_VERSION=$(TI_VERSION)";
				GCC_TREAT_WARNINGS_AS_ERRORS = NO;
				GCC_VERSION = "";
				GCC_WARN_ABOUT_RETURN_TYPE = NO;
				GCC_WARN_MISSING_PARENTHESES = NO;
				GCC_WARN_SHADOW = NO;
				GCC_WARN_STRICT_SELECTOR_MATCH = NO;
				GCC_WARN_UNUSED_FUNCTION = YES;
				GCC_WARN_UNUSED_PARAMETER = NO;
				GCC_WARN_UNUSED_VALUE = NO;
				GCC_WARN_UNUSED_VARIABLE = NO;
				INSTALL_PATH = /usr/local/lib;
				IPHONEOS_DEPLOYMENT_TARGET = 9.3;
				ONLY_ACTIVE_ARCH = YES;
				OTHER_CFLAGS = (
					"-DDEBUG",
					"-DTI_POST_1_2",
				);
				OTHER_LDFLAGS = "-ObjC";
				PRODUCT_NAME = NzCoSimplypayrollCharts;
				PROVISIONING_PROFILE = "";
				"PROVISIONING_PROFILE[sdk=iphoneos*]" = "";
				RUN_CLANG_STATIC_ANALYZER = NO;
				SDKROOT = iphoneos;
				USER_HEADER_SEARCH_PATHS = "";
			};
			name = Debug;
		};
		1DEB922408733DC00010E9CD /* Release */ = {
			isa = XCBuildConfiguration;
			baseConfigurationReference = 24DD6D1B1134B66800162E58 /* titanium.xcconfig */;
			buildSettings = {
				ALWAYS_SEARCH_USER_PATHS = NO;
				CLANG_CXX_LIBRARY = "libstdc++";
				DSTROOT = /tmp/NzCoSimplypayrollCharts.dst;
				EMBEDDED_CONTENT_CONTAINS_SWIFT = YES;
				GCC_C_LANGUAGE_STANDARD = c99;
				GCC_MODEL_TUNING = G5;
				GCC_PRECOMPILE_PREFIX_HEADER = YES;
				GCC_PREFIX_HEADER = NzCoSimplypayrollCharts_Prefix.pch;
				GCC_PREPROCESSOR_DEFINITIONS = "TI_VERSION=$(TI_VERSION)";
				GCC_TREAT_WARNINGS_AS_ERRORS = NO;
				GCC_VERSION = "";
				GCC_WARN_ABOUT_RETURN_TYPE = NO;
				GCC_WARN_MISSING_PARENTHESES = NO;
				GCC_WARN_SHADOW = NO;
				GCC_WARN_STRICT_SELECTOR_MATCH = NO;
				GCC_WARN_UNUSED_FUNCTION = YES;
				GCC_WARN_UNUSED_PARAMETER = NO;
				GCC_WARN_UNUSED_VALUE = NO;
				GCC_WARN_UNUSED_VARIABLE = NO;
				INSTALL_PATH = /usr/local/lib;
				IPHONEOS_DEPLOYMENT_TARGET = 9.3;
				ONLY_ACTIVE_ARCH = NO;
				OTHER_CFLAGS = "-DTI_POST_1_2";
				OTHER_LDFLAGS = "-ObjC";
				PRODUCT_NAME = NzCoSimplypayrollCharts;
				RUN_CLANG_STATIC_ANALYZER = NO;
				SDKROOT = iphoneos;
				USER_HEADER_SEARCH_PATHS = "";
			};
			name = Release;
		};
		24416B8211C4CA220047AFDD /* Debug */ = {
			isa = XCBuildConfiguration;
			baseConfigurationReference = 24DD6D1B1134B66800162E58 /* titanium.xcconfig */;
			buildSettings = {
				COPY_PHASE_STRIP = NO;
				GCC_DYNAMIC_NO_PIC = NO;
				GCC_OPTIMIZATION_LEVEL = 0;
				PRODUCT_NAME = "Build & test";
			};
			name = Debug;
		};
		24416B8311C4CA220047AFDD /* Release */ = {
			isa = XCBuildConfiguration;
			baseConfigurationReference = 24DD6D1B1134B66800162E58 /* titanium.xcconfig */;
			buildSettings = {
				COPY_PHASE_STRIP = YES;
				DEBUG_INFORMATION_FORMAT = "dwarf-with-dsym";
				GCC_ENABLE_FIX_AND_CONTINUE = NO;
				PRODUCT_NAME = "Build & test";
				ZERO_LINK = NO;
			};
			name = Release;
		};
/* End XCBuildConfiguration section */

/* Begin XCConfigurationList section */
		1DEB921E08733DC00010E9CD /* Build configuration list for PBXNativeTarget "TiCharts" */ = {
			isa = XCConfigurationList;
			buildConfigurations = (
				1DEB921F08733DC00010E9CD /* Debug */,
				1DEB922008733DC00010E9CD /* Release */,
			);
			defaultConfigurationIsVisible = 0;
			defaultConfigurationName = Release;
		};
		1DEB922208733DC00010E9CD /* Build configuration list for PBXProject "SimplyCharts" */ = {
			isa = XCConfigurationList;
			buildConfigurations = (
				1DEB922308733DC00010E9CD /* Debug */,
				1DEB922408733DC00010E9CD /* Release */,
			);
			defaultConfigurationIsVisible = 0;
			defaultConfigurationName = Release;
		};
		24416B8A11C4CA520047AFDD /* Build configuration list for PBXAggregateTarget "Build & Test" */ = {
			isa = XCConfigurationList;
			buildConfigurations = (
				24416B8211C4CA220047AFDD /* Debug */,
				24416B8311C4CA220047AFDD /* Release */,
			);
			defaultConfigurationIsVisible = 0;
			defaultConfigurationName = Release;
		};
/* End XCConfigurationList section */
	};
	rootObject = 0867D690FE84028FC02AAC07 /* Project object */;
}
