// !$*UTF8*$!
{
	archiveVersion = 1;
	classes = {
	};
	objectVersion = 46;
	objects = {

/* Begin PBXAggregateTarget section */
		24416B8111C4CA220047AFDD /* Build & Test */ = {
			isa = PBXAggregateTarget;
			buildConfigurationList = 24416B8A11C4CA520047AFDD /* Build configuration list for PBXAggregateTarget "Build & Test" */;
			buildPhases = (
				24416B8011C4CA220047AFDD /* ShellScript */,
			);
			dependencies = (
				24416B8511C4CA280047AFDD /* PBXTargetDependency */,
			);
			name = "Build & Test";
			productName = "Build & test";
		};
/* End PBXAggregateTarget section */

/* Begin PBXBuildFile section */
		0E57F9FB1D1A4A1F00DAC1F3 /* Charts.framework in Frameworks */ = {isa = PBXBuildFile; fileRef = 0E57F9FA1D1A4A1F00DAC1F3 /* Charts.framework */; };
		0E57F9FD1D1A4DB000DAC1F3 /* Charts-Swift.h in Headers */ = {isa = PBXBuildFile; fileRef = 0E57F9FC1D1A4DB000DAC1F3 /* Charts-Swift.h */; settings = {ATTRIBUTES = (Public, ); }; };
		0E67FE011D24D47E00BCA665 /* NzCoSimplypayrollChartsAxisBaseProxy.h in Headers */ = {isa = PBXBuildFile; fileRef = 0E1AB7091D24D1B900D7167A /* NzCoSimplypayrollChartsAxisBaseProxy.h */; };
		0E67FE021D24D47E00BCA665 /* NzCoSimplypayrollChartsLegendProxy.h in Headers */ = {isa = PBXBuildFile; fileRef = 0E1AB70B1D24D1B900D7167A /* NzCoSimplypayrollChartsLegendProxy.h */; };
		0E67FE031D24D47E00BCA665 /* NzCoSimplypayrollChartsXAxisProxy.h in Headers */ = {isa = PBXBuildFile; fileRef = 0E1AB70D1D24D1B900D7167A /* NzCoSimplypayrollChartsXAxisProxy.h */; };
		0E67FE041D24D47E00BCA665 /* NzCoSimplypayrollChartsYAxisProxy.h in Headers */ = {isa = PBXBuildFile; fileRef = 0E1AB70F1D24D1B900D7167A /* NzCoSimplypayrollChartsYAxisProxy.h */; };
		0E67FE051D24D47E00BCA665 /* BarLineScatterCandleBubbleDataSetProxy.h in Headers */ = {isa = PBXBuildFile; fileRef = 0E1AB7121D24D1B900D7167A /* BarLineScatterCandleBubbleDataSetProxy.h */; };
		0E67FE061D24D47E00BCA665 /* BaseDataSetProxy.h in Headers */ = {isa = PBXBuildFile; fileRef = 0E1AB7141D24D1B900D7167A /* BaseDataSetProxy.h */; };
		0E67FE071D24D47E00BCA665 /* DataSetProxy.h in Headers */ = {isa = PBXBuildFile; fileRef = 0E1AB7161D24D1B900D7167A /* DataSetProxy.h */; };
		0E67FE081D24D47E00BCA665 /* NzCoSimplypayrollChartsBarDataProxy.h in Headers */ = {isa = PBXBuildFile; fileRef = 0E1AB7181D24D1B900D7167A /* NzCoSimplypayrollChartsBarDataProxy.h */; };
		0E67FE091D24D47E00BCA665 /* NzCoSimplypayrollChartsBarDataSetProxy.h in Headers */ = {isa = PBXBuildFile; fileRef = 0E1AB71A1D24D1B900D7167A /* NzCoSimplypayrollChartsBarDataSetProxy.h */; };
		0E67FE0A1D24D47E00BCA665 /* NzCoSimplypayrollChartsChartDataProxy.h in Headers */ = {isa = PBXBuildFile; fileRef = 0E1AB71C1D24D1B900D7167A /* NzCoSimplypayrollChartsChartDataProxy.h */; };
		0E67FE0B1D24D47E00BCA665 /* NzCoSimplypayrollChartsLineDataProxy.h in Headers */ = {isa = PBXBuildFile; fileRef = 0E1AB71E1D24D1B900D7167A /* NzCoSimplypayrollChartsLineDataProxy.h */; };
		0E67FE0C1D24D47E00BCA665 /* TiConverter.h in Headers */ = {isa = PBXBuildFile; fileRef = 0E1AB7201D24D1B900D7167A /* TiConverter.h */; };
		0E67FE0D1D24D47E00BCA665 /* NzCoSimplypayrollChartsBarChartView.h in Headers */ = {isa = PBXBuildFile; fileRef = 0E1AB7231D24D1B900D7167A /* NzCoSimplypayrollChartsBarChartView.h */; };
		0E67FE0E1D24D47E00BCA665 /* NzCoSimplypayrollChartsBarChartViewProxy.h in Headers */ = {isa = PBXBuildFile; fileRef = 0E1AB7251D24D1B900D7167A /* NzCoSimplypayrollChartsBarChartViewProxy.h */; };
		0E67FE0F1D24D47E00BCA665 /* NzCoSimplypayrollChartsModuleAssets.h in Headers */ = {isa = PBXBuildFile; fileRef = 24DE9E0F11C5FE74003F90F6 /* NzCoSimplypayrollChartsModuleAssets.h */; };
		0E67FE101D24D47E00BCA665 /* NzCoSimplypayrollChartsModule.h in Headers */ = {isa = PBXBuildFile; fileRef = 24DD6CF71134B3F500162E58 /* NzCoSimplypayrollChartsModule.h */; };
		0E67FE111D24D49800BCA665 /* NzCoSimplypayrollChartsAxisBaseProxy.m in Sources */ = {isa = PBXBuildFile; fileRef = 0E1AB70A1D24D1B900D7167A /* NzCoSimplypayrollChartsAxisBaseProxy.m */; };
		0E67FE121D24D49800BCA665 /* NzCoSimplypayrollChartsLegendProxy.m in Sources */ = {isa = PBXBuildFile; fileRef = 0E1AB70C1D24D1B900D7167A /* NzCoSimplypayrollChartsLegendProxy.m */; };
		0E67FE131D24D49800BCA665 /* NzCoSimplypayrollChartsXAxisProxy.m in Sources */ = {isa = PBXBuildFile; fileRef = 0E1AB70E1D24D1B900D7167A /* NzCoSimplypayrollChartsXAxisProxy.m */; };
		0E67FE141D24D49800BCA665 /* NzCoSimplypayrollChartsYAxisProxy.m in Sources */ = {isa = PBXBuildFile; fileRef = 0E1AB7101D24D1B900D7167A /* NzCoSimplypayrollChartsYAxisProxy.m */; };
		0E67FE151D24D49800BCA665 /* BarLineScatterCandleBubbleDataSetProxy.m in Sources */ = {isa = PBXBuildFile; fileRef = 0E1AB7131D24D1B900D7167A /* BarLineScatterCandleBubbleDataSetProxy.m */; };
		0E67FE161D24D49800BCA665 /* BaseDataSetProxy.m in Sources */ = {isa = PBXBuildFile; fileRef = 0E1AB7151D24D1B900D7167A /* BaseDataSetProxy.m */; };
		0E67FE171D24D49800BCA665 /* DataSetProxy.m in Sources */ = {isa = PBXBuildFile; fileRef = 0E1AB7171D24D1B900D7167A /* DataSetProxy.m */; };
		0E67FE181D24D49800BCA665 /* NzCoSimplypayrollChartsBarDataProxy.m in Sources */ = {isa = PBXBuildFile; fileRef = 0E1AB7191D24D1B900D7167A /* NzCoSimplypayrollChartsBarDataProxy.m */; };
		0E67FE191D24D49800BCA665 /* NzCoSimplypayrollChartsBarDataSetProxy.m in Sources */ = {isa = PBXBuildFile; fileRef = 0E1AB71B1D24D1B900D7167A /* NzCoSimplypayrollChartsBarDataSetProxy.m */; };
		0E67FE1A1D24D49800BCA665 /* NzCoSimplypayrollChartsChartDataProxy.m in Sources */ = {isa = PBXBuildFile; fileRef = 0E1AB71D1D24D1B900D7167A /* NzCoSimplypayrollChartsChartDataProxy.m */; };
		0E67FE1B1D24D49800BCA665 /* TiConverter.m in Sources */ = {isa = PBXBuildFile; fileRef = 0E1AB7211D24D1B900D7167A /* TiConverter.m */; };
		0E67FE1C1D24D49800BCA665 /* NzCoSimplypayrollChartsBarChartView.m in Sources */ = {isa = PBXBuildFile; fileRef = 0E1AB7241D24D1B900D7167A /* NzCoSimplypayrollChartsBarChartView.m */; };
		0E67FE1D1D24D49800BCA665 /* NzCoSimplypayrollChartsBarChartViewProxy.m in Sources */ = {isa = PBXBuildFile; fileRef = 0E1AB7261D24D1B900D7167A /* NzCoSimplypayrollChartsBarChartViewProxy.m */; };
		0E67FE1E1D24D49800BCA665 /* NzCoSimplypayrollChartsModuleAssets.m in Sources */ = {isa = PBXBuildFile; fileRef = 24DE9E1011C5FE74003F90F6 /* NzCoSimplypayrollChartsModuleAssets.m */; };
		0E67FE1F1D24D49800BCA665 /* NzCoSimplypayrollChartsModule.m in Sources */ = {isa = PBXBuildFile; fileRef = 24DD6CF81134B3F500162E58 /* NzCoSimplypayrollChartsModule.m */; };
		AACBBE4A0F95108600F1A2B1 /* Foundation.framework in Frameworks */ = {isa = PBXBuildFile; fileRef = AACBBE490F95108600F1A2B1 /* Foundation.framework */; };
/* End PBXBuildFile section */

/* Begin PBXContainerItemProxy section */
		24416B8411C4CA280047AFDD /* PBXContainerItemProxy */ = {
			isa = PBXContainerItemProxy;
			containerPortal = 0867D690FE84028FC02AAC07 /* Project object */;
			proxyType = 1;
			remoteGlobalIDString = D2AAC07D0554694100DB518D;
			remoteInfo = TiCharts;
		};
/* End PBXContainerItemProxy section */

/* Begin PBXFileReference section */
		0E1AB7091D24D1B900D7167A /* NzCoSimplypayrollChartsAxisBaseProxy.h */ = {isa = PBXFileReference; fileEncoding = 4; lastKnownFileType = sourcecode.c.h; path = NzCoSimplypayrollChartsAxisBaseProxy.h; sourceTree = "<group>"; };
		0E1AB70A1D24D1B900D7167A /* NzCoSimplypayrollChartsAxisBaseProxy.m */ = {isa = PBXFileReference; fileEncoding = 4; lastKnownFileType = sourcecode.c.objc; path = NzCoSimplypayrollChartsAxisBaseProxy.m; sourceTree = "<group>"; };
		0E1AB70B1D24D1B900D7167A /* NzCoSimplypayrollChartsLegendProxy.h */ = {isa = PBXFileReference; fileEncoding = 4; lastKnownFileType = sourcecode.c.h; path = NzCoSimplypayrollChartsLegendProxy.h; sourceTree = "<group>"; };
		0E1AB70C1D24D1B900D7167A /* NzCoSimplypayrollChartsLegendProxy.m */ = {isa = PBXFileReference; fileEncoding = 4; lastKnownFileType = sourcecode.c.objc; path = NzCoSimplypayrollChartsLegendProxy.m; sourceTree = "<group>"; };
		0E1AB70D1D24D1B900D7167A /* NzCoSimplypayrollChartsXAxisProxy.h */ = {isa = PBXFileReference; fileEncoding = 4; lastKnownFileType = sourcecode.c.h; path = NzCoSimplypayrollChartsXAxisProxy.h; sourceTree = "<group>"; };
		0E1AB70E1D24D1B900D7167A /* NzCoSimplypayrollChartsXAxisProxy.m */ = {isa = PBXFileReference; fileEncoding = 4; lastKnownFileType = sourcecode.c.objc; path = NzCoSimplypayrollChartsXAxisProxy.m; sourceTree = "<group>"; };
		0E1AB70F1D24D1B900D7167A /* NzCoSimplypayrollChartsYAxisProxy.h */ = {isa = PBXFileReference; fileEncoding = 4; lastKnownFileType = sourcecode.c.h; path = NzCoSimplypayrollChartsYAxisProxy.h; sourceTree = "<group>"; };
		0E1AB7101D24D1B900D7167A /* NzCoSimplypayrollChartsYAxisProxy.m */ = {isa = PBXFileReference; fileEncoding = 4; lastKnownFileType = sourcecode.c.objc; path = NzCoSimplypayrollChartsYAxisProxy.m; sourceTree = "<group>"; };
		0E1AB7121D24D1B900D7167A /* BarLineScatterCandleBubbleDataSetProxy.h */ = {isa = PBXFileReference; fileEncoding = 4; lastKnownFileType = sourcecode.c.h; path = BarLineScatterCandleBubbleDataSetProxy.h; sourceTree = "<group>"; };
		0E1AB7131D24D1B900D7167A /* BarLineScatterCandleBubbleDataSetProxy.m */ = {isa = PBXFileReference; fileEncoding = 4; lastKnownFileType = sourcecode.c.objc; path = BarLineScatterCandleBubbleDataSetProxy.m; sourceTree = "<group>"; };
		0E1AB7141D24D1B900D7167A /* BaseDataSetProxy.h */ = {isa = PBXFileReference; fileEncoding = 4; lastKnownFileType = sourcecode.c.h; path = BaseDataSetProxy.h; sourceTree = "<group>"; };
		0E1AB7151D24D1B900D7167A /* BaseDataSetProxy.m */ = {isa = PBXFileReference; fileEncoding = 4; lastKnownFileType = sourcecode.c.objc; path = BaseDataSetProxy.m; sourceTree = "<group>"; };
		0E1AB7161D24D1B900D7167A /* DataSetProxy.h */ = {isa = PBXFileReference; fileEncoding = 4; lastKnownFileType = sourcecode.c.h; path = DataSetProxy.h; sourceTree = "<group>"; };
		0E1AB7171D24D1B900D7167A /* DataSetProxy.m */ = {isa = PBXFileReference; fileEncoding = 4; lastKnownFileType = sourcecode.c.objc; path = DataSetProxy.m; sourceTree = "<group>"; };
		0E1AB7181D24D1B900D7167A /* NzCoSimplypayrollChartsBarDataProxy.h */ = {isa = PBXFileReference; fileEncoding = 4; lastKnownFileType = sourcecode.c.h; path = NzCoSimplypayrollChartsBarDataProxy.h; sourceTree = "<group>"; };
		0E1AB7191D24D1B900D7167A /* NzCoSimplypayrollChartsBarDataProxy.m */ = {isa = PBXFileReference; fileEncoding = 4; lastKnownFileType = sourcecode.c.objc; path = NzCoSimplypayrollChartsBarDataProxy.m; sourceTree = "<group>"; };
		0E1AB71A1D24D1B900D7167A /* NzCoSimplypayrollChartsBarDataSetProxy.h */ = {isa = PBXFileReference; fileEncoding = 4; lastKnownFileType = sourcecode.c.h; path = NzCoSimplypayrollChartsBarDataSetProxy.h; sourceTree = "<group>"; };
		0E1AB71B1D24D1B900D7167A /* NzCoSimplypayrollChartsBarDataSetProxy.m */ = {isa = PBXFileReference; fileEncoding = 4; lastKnownFileType = sourcecode.c.objc; path = NzCoSimplypayrollChartsBarDataSetProxy.m; sourceTree = "<group>"; };
		0E1AB71C1D24D1B900D7167A /* NzCoSimplypayrollChartsChartDataProxy.h */ = {isa = PBXFileReference; fileEncoding = 4; lastKnownFileType = sourcecode.c.h; path = NzCoSimplypayrollChartsChartDataProxy.h; sourceTree = "<group>"; };
		0E1AB71D1D24D1B900D7167A /* NzCoSimplypayrollChartsChartDataProxy.m */ = {isa = PBXFileReference; fileEncoding = 4; lastKnownFileType = sourcecode.c.objc; path = NzCoSimplypayrollChartsChartDataProxy.m; sourceTree = "<group>"; };
		0E1AB71E1D24D1B900D7167A /* NzCoSimplypayrollChartsLineDataProxy.h */ = {isa = PBXFileReference; fileEncoding = 4; lastKnownFileType = sourcecode.c.h; path = NzCoSimplypayrollChartsLineDataProxy.h; sourceTree = "<group>"; };
		0E1AB7201D24D1B900D7167A /* TiConverter.h */ = {isa = PBXFileReference; fileEncoding = 4; lastKnownFileType = sourcecode.c.h; path = TiConverter.h; sourceTree = "<group>"; };
		0E1AB7211D24D1B900D7167A /* TiConverter.m */ = {isa = PBXFileReference; fileEncoding = 4; lastKnownFileType = sourcecode.c.objc; path = TiConverter.m; sourceTree = "<group>"; };
		0E1AB7231D24D1B900D7167A /* NzCoSimplypayrollChartsBarChartView.h */ = {isa = PBXFileReference; fileEncoding = 4; lastKnownFileType = sourcecode.c.h; path = NzCoSimplypayrollChartsBarChartView.h; sourceTree = "<group>"; };
		0E1AB7241D24D1B900D7167A /* NzCoSimplypayrollChartsBarChartView.m */ = {isa = PBXFileReference; fileEncoding = 4; lastKnownFileType = sourcecode.c.objc; path = NzCoSimplypayrollChartsBarChartView.m; sourceTree = "<group>"; };
		0E1AB7251D24D1B900D7167A /* NzCoSimplypayrollChartsBarChartViewProxy.h */ = {isa = PBXFileReference; fileEncoding = 4; lastKnownFileType = sourcecode.c.h; path = NzCoSimplypayrollChartsBarChartViewProxy.h; sourceTree = "<group>"; };
		0E1AB7261D24D1B900D7167A /* NzCoSimplypayrollChartsBarChartViewProxy.m */ = {isa = PBXFileReference; fileEncoding = 4; lastKnownFileType = sourcecode.c.objc; path = NzCoSimplypayrollChartsBarChartViewProxy.m; sourceTree = "<group>"; };
		0E57F9FA1D1A4A1F00DAC1F3 /* Charts.framework */ = {isa = PBXFileReference; lastKnownFileType = wrapper.framework; name = Charts.framework; path = platform/Charts.framework; sourceTree = "<group>"; };
		0E57F9FC1D1A4DB000DAC1F3 /* Charts-Swift.h */ = {isa = PBXFileReference; lastKnownFileType = sourcecode.c.h; name = "Charts-Swift.h"; path = "platform/Charts.framework/Headers/Charts-Swift.h"; sourceTree = "<group>"; };
		24DD6CF71134B3F500162E58 /* NzCoSimplypayrollChartsModule.h */ = {isa = PBXFileReference; fileEncoding = 4; lastKnownFileType = sourcecode.c.h; name = NzCoSimplypayrollChartsModule.h; path = Classes/NzCoSimplypayrollChartsModule.h; sourceTree = "<group>"; };
		24DD6CF81134B3F500162E58 /* NzCoSimplypayrollChartsModule.m */ = {isa = PBXFileReference; fileEncoding = 4; lastKnownFileType = sourcecode.c.objc; name = NzCoSimplypayrollChartsModule.m; path = Classes/NzCoSimplypayrollChartsModule.m; sourceTree = "<group>"; };
		24DD6D1B1134B66800162E58 /* titanium.xcconfig */ = {isa = PBXFileReference; fileEncoding = 4; lastKnownFileType = text.xcconfig; path = titanium.xcconfig; sourceTree = "<group>"; };
		24DE9E0F11C5FE74003F90F6 /* NzCoSimplypayrollChartsModuleAssets.h */ = {isa = PBXFileReference; fileEncoding = 4; lastKnownFileType = sourcecode.c.h; name = NzCoSimplypayrollChartsModuleAssets.h; path = Classes/NzCoSimplypayrollChartsModuleAssets.h; sourceTree = "<group>"; };
		24DE9E1011C5FE74003F90F6 /* NzCoSimplypayrollChartsModuleAssets.m */ = {isa = PBXFileReference; fileEncoding = 4; lastKnownFileType = sourcecode.c.objc; name = NzCoSimplypayrollChartsModuleAssets.m; path = Classes/NzCoSimplypayrollChartsModuleAssets.m; sourceTree = "<group>"; };
		AA747D9E0F9514B9006C5449 /* NzCoSimplypayrollCharts_Prefix.pch */ = {isa = PBXFileReference; fileEncoding = 4; lastKnownFileType = sourcecode.c.h; path = NzCoSimplypayrollCharts_Prefix.pch; sourceTree = SOURCE_ROOT; };
		AACBBE490F95108600F1A2B1 /* Foundation.framework */ = {isa = PBXFileReference; lastKnownFileType = wrapper.framework; name = Foundation.framework; path = System/Library/Frameworks/Foundation.framework; sourceTree = SDKROOT; };
		D2AAC07E0554694100DB518D /* libNzCoSimplypayrollCharts.a */ = {isa = PBXFileReference; explicitFileType = archive.ar; includeInIndex = 0; path = libNzCoSimplypayrollCharts.a; sourceTree = BUILT_PRODUCTS_DIR; };
/* End PBXFileReference section */

/* Begin PBXFrameworksBuildPhase section */
		D2AAC07C0554694100DB518D /* Frameworks */ = {
			isa = PBXFrameworksBuildPhase;
			buildActionMask = 2147483647;
			files = (
				0E57F9FB1D1A4A1F00DAC1F3 /* Charts.framework in Frameworks */,
				AACBBE4A0F95108600F1A2B1 /* Foundation.framework in Frameworks */,
			);
			runOnlyForDeploymentPostprocessing = 0;
		};
/* End PBXFrameworksBuildPhase section */

/* Begin PBXGroup section */
		034768DFFF38A50411DB9C8B /* Products */ = {
			isa = PBXGroup;
			children = (
				D2AAC07E0554694100DB518D /* libNzCoSimplypayrollCharts.a */,
			);
			name = Products;
			sourceTree = "<group>";
		};
		0867D691FE84028FC02AAC07 /* TiCharts */ = {
			isa = PBXGroup;
			children = (
				0E57F9FC1D1A4DB000DAC1F3 /* Charts-Swift.h */,
				08FB77AEFE84172EC02AAC07 /* Classes */,
				32C88DFF0371C24200C91783 /* Other Sources */,
				0867D69AFE84028FC02AAC07 /* Frameworks */,
				034768DFFF38A50411DB9C8B /* Products */,
			);
			name = TiCharts;
			sourceTree = "<group>";
		};
		0867D69AFE84028FC02AAC07 /* Frameworks */ = {
			isa = PBXGroup;
			children = (
				0E57F9FA1D1A4A1F00DAC1F3 /* Charts.framework */,
				AACBBE490F95108600F1A2B1 /* Foundation.framework */,
			);
			name = Frameworks;
			sourceTree = "<group>";
		};
		08FB77AEFE84172EC02AAC07 /* Classes */ = {
			isa = PBXGroup;
			children = (
				0E1AB7081D24D1B900D7167A /* components */,
				0E1AB7111D24D1B900D7167A /* data */,
				0E1AB71F1D24D1B900D7167A /* utils */,
				0E1AB7221D24D1B900D7167A /* views */,
				24DE9E0F11C5FE74003F90F6 /* NzCoSimplypayrollChartsModuleAssets.h */,
				24DE9E1011C5FE74003F90F6 /* NzCoSimplypayrollChartsModuleAssets.m */,
				24DD6CF71134B3F500162E58 /* NzCoSimplypayrollChartsModule.h */,
				24DD6CF81134B3F500162E58 /* NzCoSimplypayrollChartsModule.m */,
			);
			name = Classes;
			sourceTree = "<group>";
		};
		0E1AB7081D24D1B900D7167A /* components */ = {
			isa = PBXGroup;
			children = (
				0E1AB7091D24D1B900D7167A /* NzCoSimplypayrollChartsAxisBaseProxy.h */,
				0E1AB70A1D24D1B900D7167A /* NzCoSimplypayrollChartsAxisBaseProxy.m */,
				0E1AB70B1D24D1B900D7167A /* NzCoSimplypayrollChartsLegendProxy.h */,
				0E1AB70C1D24D1B900D7167A /* NzCoSimplypayrollChartsLegendProxy.m */,
				0E1AB70D1D24D1B900D7167A /* NzCoSimplypayrollChartsXAxisProxy.h */,
				0E1AB70E1D24D1B900D7167A /* NzCoSimplypayrollChartsXAxisProxy.m */,
				0E1AB70F1D24D1B900D7167A /* NzCoSimplypayrollChartsYAxisProxy.h */,
				0E1AB7101D24D1B900D7167A /* NzCoSimplypayrollChartsYAxisProxy.m */,
			);
			name = components;
			path = Classes/components;
			sourceTree = "<group>";
		};
		0E1AB7111D24D1B900D7167A /* data */ = {
			isa = PBXGroup;
			children = (
				0E1AB7121D24D1B900D7167A /* BarLineScatterCandleBubbleDataSetProxy.h */,
				0E1AB7131D24D1B900D7167A /* BarLineScatterCandleBubbleDataSetProxy.m */,
				0E1AB7141D24D1B900D7167A /* BaseDataSetProxy.h */,
				0E1AB7151D24D1B900D7167A /* BaseDataSetProxy.m */,
				0E1AB7161D24D1B900D7167A /* DataSetProxy.h */,
				0E1AB7171D24D1B900D7167A /* DataSetProxy.m */,
				0E1AB7181D24D1B900D7167A /* NzCoSimplypayrollChartsBarDataProxy.h */,
				0E1AB7191D24D1B900D7167A /* NzCoSimplypayrollChartsBarDataProxy.m */,
				0E1AB71A1D24D1B900D7167A /* NzCoSimplypayrollChartsBarDataSetProxy.h */,
				0E1AB71B1D24D1B900D7167A /* NzCoSimplypayrollChartsBarDataSetProxy.m */,
				0E1AB71C1D24D1B900D7167A /* NzCoSimplypayrollChartsChartDataProxy.h */,
				0E1AB71D1D24D1B900D7167A /* NzCoSimplypayrollChartsChartDataProxy.m */,
				0E1AB71E1D24D1B900D7167A /* NzCoSimplypayrollChartsLineDataProxy.h */,
			);
			name = data;
			path = Classes/data;
			sourceTree = "<group>";
		};
		0E1AB71F1D24D1B900D7167A /* utils */ = {
			isa = PBXGroup;
			children = (
				0E1AB7201D24D1B900D7167A /* TiConverter.h */,
				0E1AB7211D24D1B900D7167A /* TiConverter.m */,
			);
			name = utils;
			path = Classes/utils;
			sourceTree = "<group>";
		};
		0E1AB7221D24D1B900D7167A /* views */ = {
			isa = PBXGroup;
			children = (
				0E1AB7231D24D1B900D7167A /* NzCoSimplypayrollChartsBarChartView.h */,
				0E1AB7241D24D1B900D7167A /* NzCoSimplypayrollChartsBarChartView.m */,
				0E1AB7251D24D1B900D7167A /* NzCoSimplypayrollChartsBarChartViewProxy.h */,
				0E1AB7261D24D1B900D7167A /* NzCoSimplypayrollChartsBarChartViewProxy.m */,
			);
			name = views;
			path = Classes/views;
			sourceTree = "<group>";
		};
		32C88DFF0371C24200C91783 /* Other Sources */ = {
			isa = PBXGroup;
			children = (
				AA747D9E0F9514B9006C5449 /* NzCoSimplypayrollCharts_Prefix.pch */,
				24DD6D1B1134B66800162E58 /* titanium.xcconfig */,
			);
			name = "Other Sources";
			sourceTree = "<group>";
		};
/* End PBXGroup section */

/* Begin PBXHeadersBuildPhase section */
		D2AAC07A0554694100DB518D /* Headers */ = {
			isa = PBXHeadersBuildPhase;
			buildActionMask = 2147483647;
			files = (
				0E57F9FD1D1A4DB000DAC1F3 /* Charts-Swift.h in Headers */,
				0E67FE011D24D47E00BCA665 /* NzCoSimplypayrollChartsAxisBaseProxy.h in Headers */,
				0E67FE021D24D47E00BCA665 /* NzCoSimplypayrollChartsLegendProxy.h in Headers */,
				0E67FE031D24D47E00BCA665 /* NzCoSimplypayrollChartsXAxisProxy.h in Headers */,
				0E67FE041D24D47E00BCA665 /* NzCoSimplypayrollChartsYAxisProxy.h in Headers */,
				0E67FE051D24D47E00BCA665 /* BarLineScatterCandleBubbleDataSetProxy.h in Headers */,
				0E67FE061D24D47E00BCA665 /* BaseDataSetProxy.h in Headers */,
				0E67FE071D24D47E00BCA665 /* DataSetProxy.h in Headers */,
				0E67FE081D24D47E00BCA665 /* NzCoSimplypayrollChartsBarDataProxy.h in Headers */,
				0E67FE091D24D47E00BCA665 /* NzCoSimplypayrollChartsBarDataSetProxy.h in Headers */,
				0E67FE0A1D24D47E00BCA665 /* NzCoSimplypayrollChartsChartDataProxy.h in Headers */,
				0E67FE0B1D24D47E00BCA665 /* NzCoSimplypayrollChartsLineDataProxy.h in Headers */,
				0E67FE0C1D24D47E00BCA665 /* TiConverter.h in Headers */,
				0E67FE0D1D24D47E00BCA665 /* NzCoSimplypayrollChartsBarChartView.h in Headers */,
				0E67FE0E1D24D47E00BCA665 /* NzCoSimplypayrollChartsBarChartViewProxy.h in Headers */,
				0E67FE0F1D24D47E00BCA665 /* NzCoSimplypayrollChartsModuleAssets.h in Headers */,
				0E67FE101D24D47E00BCA665 /* NzCoSimplypayrollChartsModule.h in Headers */,
			);
			runOnlyForDeploymentPostprocessing = 0;
		};
/* End PBXHeadersBuildPhase section */

/* Begin PBXNativeTarget section */
		D2AAC07D0554694100DB518D /* TiCharts */ = {
			isa = PBXNativeTarget;
			buildConfigurationList = 1DEB921E08733DC00010E9CD /* Build configuration list for PBXNativeTarget "TiCharts" */;
			buildPhases = (
				D2AAC07A0554694100DB518D /* Headers */,
				D2AAC07B0554694100DB518D /* Sources */,
				D2AAC07C0554694100DB518D /* Frameworks */,
				0E57FB161D1B8BB000DAC1F3 /* Resources */,
			);
			buildRules = (
			);
			dependencies = (
			);
			name = TiCharts;
			productName = TiCharts;
			productReference = D2AAC07E0554694100DB518D /* libNzCoSimplypayrollCharts.a */;
			productType = "com.apple.product-type.library.static";
		};
/* End PBXNativeTarget section */

/* Begin PBXProject section */
		0867D690FE84028FC02AAC07 /* Project object */ = {
			isa = PBXProject;
			attributes = {
				LastSwiftUpdateCheck = 0730;
				LastUpgradeCheck = 0600;
			};
			buildConfigurationList = 1DEB922208733DC00010E9CD /* Build configuration list for PBXProject "SimplyCharts" */;
			compatibilityVersion = "Xcode 3.2";
			developmentRegion = English;
			hasScannedForEncodings = 1;
			knownRegions = (
				English,
				Japanese,
				French,
				German,
			);
			mainGroup = 0867D691FE84028FC02AAC07 /* TiCharts */;
			productRefGroup = 034768DFFF38A50411DB9C8B /* Products */;
			projectDirPath = "";
			projectRoot = "";
			targets = (
				D2AAC07D0554694100DB518D /* TiCharts */,
				24416B8111C4CA220047AFDD /* Build & Test */,
			);
		};
/* End PBXProject section */

/* Begin PBXResourcesBuildPhase section */
		0E57FB161D1B8BB000DAC1F3 /* Resources */ = {
			isa = PBXResourcesBuildPhase;
			buildActionMask = 2147483647;
			files = (
			);
			runOnlyForDeploymentPostprocessing = 0;
		};
/* End PBXResourcesBuildPhase section */

/* Begin PBXShellScriptBuildPhase section */
		24416B8011C4CA220047AFDD /* ShellScript */ = {
			isa = PBXShellScriptBuildPhase;
			buildActionMask = 2147483647;
			files = (
			);
			inputPaths = (
			);
			outputPaths = (
			);
			runOnlyForDeploymentPostprocessing = 0;
			shellPath = /bin/sh;
			shellScript = "# shell script goes here\n\npython \"${TITANIUM_SDK}/titanium.py\" run --dir=\"${PROJECT_DIR}\"\nexit $?\n";
		};
/* End PBXShellScriptBuildPhase section */

/* Begin PBXSourcesBuildPhase section */
		D2AAC07B0554694100DB518D /* Sources */ = {
			isa = PBXSourcesBuildPhase;
			buildActionMask = 2147483647;
			files = (
				0E67FE111D24D49800BCA665 /* NzCoSimplypayrollChartsAxisBaseProxy.m in Sources */,
				0E67FE121D24D49800BCA665 /* NzCoSimplypayrollChartsLegendProxy.m in Sources */,
				0E67FE131D24D49800BCA665 /* NzCoSimplypayrollChartsXAxisProxy.m in Sources */,
				0E67FE141D24D49800BCA665 /* NzCoSimplypayrollChartsYAxisProxy.m in Sources */,
				0E67FE151D24D49800BCA665 /* BarLineScatterCandleBubbleDataSetProxy.m in Sources */,
				0E67FE161D24D49800BCA665 /* BaseDataSetProxy.m in Sources */,
				0E67FE171D24D49800BCA665 /* DataSetProxy.m in Sources */,
				0E67FE181D24D49800BCA665 /* NzCoSimplypayrollChartsBarDataProxy.m in Sources */,
				0E67FE191D24D49800BCA665 /* NzCoSimplypayrollChartsBarDataSetProxy.m in Sources */,
				0E67FE1A1D24D49800BCA665 /* NzCoSimplypayrollChartsChartDataProxy.m in Sources */,
				0E67FE1B1D24D49800BCA665 /* TiConverter.m in Sources */,
				0E67FE1C1D24D49800BCA665 /* NzCoSimplypayrollChartsBarChartView.m in Sources */,
				0E67FE1D1D24D49800BCA665 /* NzCoSimplypayrollChartsBarChartViewProxy.m in Sources */,
				0E67FE1E1D24D49800BCA665 /* NzCoSimplypayrollChartsModuleAssets.m in Sources */,
				0E67FE1F1D24D49800BCA665 /* NzCoSimplypayrollChartsModule.m in Sources */,
			);
			runOnlyForDeploymentPostprocessing = 0;
		};
/* End PBXSourcesBuildPhase section */

/* Begin PBXTargetDependency section */
		24416B8511C4CA280047AFDD /* PBXTargetDependency */ = {
			isa = PBXTargetDependency;
			target = D2AAC07D0554694100DB518D /* TiCharts */;
			targetProxy = 24416B8411C4CA280047AFDD /* PBXContainerItemProxy */;
		};
/* End PBXTargetDependency section */

/* Begin XCBuildConfiguration section */
		1DEB921F08733DC00010E9CD /* Debug */ = {
			isa = XCBuildConfiguration;
			baseConfigurationReference = 24DD6D1B1134B66800162E58 /* titanium.xcconfig */;
			buildSettings = {
				CODE_SIGN_IDENTITY = "iPhone Developer";
				"CODE_SIGN_IDENTITY[sdk=iphoneos*]" = "iPhone Developer";
				DSTROOT = /tmp/NzCoSimplypayrollCharts.dst;
				EMBEDDED_CONTENT_CONTAINS_SWIFT = YES;
				FRAMEWORK_SEARCH_PATHS = (
					"$(inherited)",
					"$(PROJECT_DIR)/platform/**",
				);
				GCC_C_LANGUAGE_STANDARD = c99;
				GCC_OPTIMIZATION_LEVEL = 0;
				GCC_PRECOMPILE_PREFIX_HEADER = YES;
				GCC_PREFIX_HEADER = NzCoSimplypayrollCharts_Prefix.pch;
				GCC_PREPROCESSOR_DEFINITIONS = "TI_VERSION=$(TI_VERSION)";
				GCC_TREAT_WARNINGS_AS_ERRORS = NO;
				GCC_VERSION = "";
				GCC_WARN_ABOUT_RETURN_TYPE = NO;
				GCC_WARN_MISSING_PARENTHESES = NO;
				GCC_WARN_SHADOW = NO;
				GCC_WARN_STRICT_SELECTOR_MATCH = NO;
				GCC_WARN_UNUSED_FUNCTION = YES;
				GCC_WARN_UNUSED_PARAMETER = NO;
				GCC_WARN_UNUSED_VALUE = NO;
				GCC_WARN_UNUSED_VARIABLE = NO;
				INSTALL_PATH = /usr/local/lib;
				IPHONEOS_DEPLOYMENT_TARGET = 9.3;
				LIBRARY_SEARCH_PATHS = (
					"$(inherited)",
					"$(PROJECT_DIR)/**",
				);
				OTHER_CFLAGS = (
					"-DDEBUG",
					"-DTI_POST_1_2",
				);
				OTHER_LDFLAGS = "-ObjC";
				PRODUCT_NAME = NzCoSimplypayrollCharts;
				PROVISIONING_PROFILE = "";
				"PROVISIONING_PROFILE[sdk=iphoneos*]" = "";
				RUN_CLANG_STATIC_ANALYZER = NO;
				SDKROOT = iphoneos;
				USER_HEADER_SEARCH_PATHS = "";
			};
			name = Debug;
		};
		1DEB922008733DC00010E9CD /* Release */ = {
			isa = XCBuildConfiguration;
			baseConfigurationReference = 24DD6D1B1134B66800162E58 /* titanium.xcconfig */;
			buildSettings = {
				ALWAYS_SEARCH_USER_PATHS = NO;
				DSTROOT = /tmp/NzCoSimplypayrollCharts.dst;
				EMBEDDED_CONTENT_CONTAINS_SWIFT = YES;
				FRAMEWORK_SEARCH_PATHS = (
					"$(inherited)",
					"$(PROJECT_DIR)/platform/**",
				);
				GCC_C_LANGUAGE_STANDARD = c99;
				GCC_MODEL_TUNING = G5;
				GCC_PRECOMPILE_PREFIX_HEADER = YES;
				GCC_PREFIX_HEADER = NzCoSimplypayrollCharts_Prefix.pch;
				GCC_PREPROCESSOR_DEFINITIONS = "TI_VERSION=$(TI_VERSION)";
				GCC_TREAT_WARNINGS_AS_ERRORS = NO;
				GCC_VERSION = "";
				GCC_WARN_ABOUT_RETURN_TYPE = NO;
				GCC_WARN_MISSING_PARENTHESES = NO;
				GCC_WARN_SHADOW = NO;
				GCC_WARN_STRICT_SELECTOR_MATCH = NO;
				GCC_WARN_UNUSED_FUNCTION = YES;
				GCC_WARN_UNUSED_PARAMETER = NO;
				GCC_WARN_UNUSED_VALUE = NO;
				GCC_WARN_UNUSED_VARIABLE = NO;
				INSTALL_PATH = /usr/local/lib;
				IPHONEOS_DEPLOYMENT_TARGET = 9.3;
				LIBRARY_SEARCH_PATHS = (
					"$(inherited)",
					"$(PROJECT_DIR)/**",
				);
				OTHER_CFLAGS = "-DTI_POST_1_2";
				OTHER_LDFLAGS = "-ObjC";
				PRODUCT_NAME = NzCoSimplypayrollCharts;
				RUN_CLANG_STATIC_ANALYZER = NO;
				SDKROOT = iphoneos;
				USER_HEADER_SEARCH_PATHS = "";
			};
			name = Release;
		};
		1DEB922308733DC00010E9CD /* Debug */ = {
			isa = XCBuildConfiguration;
			baseConfigurationReference = 24DD6D1B1134B66800162E58 /* titanium.xcconfig */;
			buildSettings = {
				CLANG_CXX_LIBRARY = "libstdc++";
				CODE_SIGN_IDENTITY = "iPhone Developer";
				"CODE_SIGN_IDENTITY[sdk=iphoneos*]" = "iPhone Developer";
				DSTROOT = /tmp/NzCoSimplypayrollCharts.dst;
				EMBEDDED_CONTENT_CONTAINS_SWIFT = YES;
				GCC_C_LANGUAGE_STANDARD = c99;
				GCC_OPTIMIZATION_LEVEL = 0;
				GCC_PRECOMPILE_PREFIX_HEADER = YES;
				GCC_PREFIX_HEADER = NzCoSimplypayrollCharts_Prefix.pch;
				GCC_PREPROCESSOR_DEFINITIONS = "TI_VERSION=$(TI_VERSION)";
				GCC_TREAT_WARNINGS_AS_ERRORS = NO;
				GCC_VERSION = "";
				GCC_WARN_ABOUT_RETURN_TYPE = NO;
				GCC_WARN_MISSING_PARENTHESES = NO;
				GCC_WARN_SHADOW = NO;
				GCC_WARN_STRICT_SELECTOR_MATCH = NO;
				GCC_WARN_UNUSED_FUNCTION = YES;
				GCC_WARN_UNUSED_PARAMETER = NO;
				GCC_WARN_UNUSED_VALUE = NO;
				GCC_WARN_UNUSED_VARIABLE = NO;
				INSTALL_PATH = /usr/local/lib;
				IPHONEOS_DEPLOYMENT_TARGET = 9.3;
				ONLY_ACTIVE_ARCH = YES;
				OTHER_CFLAGS = (
					"-DDEBUG",
					"-DTI_POST_1_2",
				);
				OTHER_LDFLAGS = "-ObjC";
				PRODUCT_NAME = NzCoSimplypayrollCharts;
				PROVISIONING_PROFILE = "";
				"PROVISIONING_PROFILE[sdk=iphoneos*]" = "";
				RUN_CLANG_STATIC_ANALYZER = NO;
				SDKROOT = iphoneos;
				USER_HEADER_SEARCH_PATHS = "";
			};
			name = Debug;
		};
		1DEB922408733DC00010E9CD /* Release */ = {
			isa = XCBuildConfiguration;
			baseConfigurationReference = 24DD6D1B1134B66800162E58 /* titanium.xcconfig */;
			buildSettings = {
				ALWAYS_SEARCH_USER_PATHS = NO;
				CLANG_CXX_LIBRARY = "libstdc++";
				DSTROOT = /tmp/NzCoSimplypayrollCharts.dst;
				EMBEDDED_CONTENT_CONTAINS_SWIFT = YES;
				GCC_C_LANGUAGE_STANDARD = c99;
				GCC_MODEL_TUNING = G5;
				GCC_PRECOMPILE_PREFIX_HEADER = YES;
				GCC_PREFIX_HEADER = NzCoSimplypayrollCharts_Prefix.pch;
				GCC_PREPROCESSOR_DEFINITIONS = "TI_VERSION=$(TI_VERSION)";
				GCC_TREAT_WARNINGS_AS_ERRORS = NO;
				GCC_VERSION = "";
				GCC_WARN_ABOUT_RETURN_TYPE = NO;
				GCC_WARN_MISSING_PARENTHESES = NO;
				GCC_WARN_SHADOW = NO;
				GCC_WARN_STRICT_SELECTOR_MATCH = NO;
				GCC_WARN_UNUSED_FUNCTION = YES;
				GCC_WARN_UNUSED_PARAMETER = NO;
				GCC_WARN_UNUSED_VALUE = NO;
				GCC_WARN_UNUSED_VARIABLE = NO;
				INSTALL_PATH = /usr/local/lib;
				IPHONEOS_DEPLOYMENT_TARGET = 9.3;
				ONLY_ACTIVE_ARCH = NO;
				OTHER_CFLAGS = "-DTI_POST_1_2";
				OTHER_LDFLAGS = "-ObjC";
				PRODUCT_NAME = NzCoSimplypayrollCharts;
				RUN_CLANG_STATIC_ANALYZER = NO;
				SDKROOT = iphoneos;
				USER_HEADER_SEARCH_PATHS = "";
			};
			name = Release;
		};
		24416B8211C4CA220047AFDD /* Debug */ = {
			isa = XCBuildConfiguration;
			baseConfigurationReference = 24DD6D1B1134B66800162E58 /* titanium.xcconfig */;
			buildSettings = {
				COPY_PHASE_STRIP = NO;
				GCC_DYNAMIC_NO_PIC = NO;
				GCC_OPTIMIZATION_LEVEL = 0;
				PRODUCT_NAME = "Build & test";
			};
			name = Debug;
		};
		24416B8311C4CA220047AFDD /* Release */ = {
			isa = XCBuildConfiguration;
			baseConfigurationReference = 24DD6D1B1134B66800162E58 /* titanium.xcconfig */;
			buildSettings = {
				COPY_PHASE_STRIP = YES;
				DEBUG_INFORMATION_FORMAT = "dwarf-with-dsym";
				GCC_ENABLE_FIX_AND_CONTINUE = NO;
				PRODUCT_NAME = "Build & test";
				ZERO_LINK = NO;
			};
			name = Release;
		};
/* End XCBuildConfiguration section */

/* Begin XCConfigurationList section */
		1DEB921E08733DC00010E9CD /* Build configuration list for PBXNativeTarget "TiCharts" */ = {
			isa = XCConfigurationList;
			buildConfigurations = (
				1DEB921F08733DC00010E9CD /* Debug */,
				1DEB922008733DC00010E9CD /* Release */,
			);
			defaultConfigurationIsVisible = 0;
			defaultConfigurationName = Release;
		};
		1DEB922208733DC00010E9CD /* Build configuration list for PBXProject "SimplyCharts" */ = {
			isa = XCConfigurationList;
			buildConfigurations = (
				1DEB922308733DC00010E9CD /* Debug */,
				1DEB922408733DC00010E9CD /* Release */,
			);
			defaultConfigurationIsVisible = 0;
			defaultConfigurationName = Release;
		};
		24416B8A11C4CA520047AFDD /* Build configuration list for PBXAggregateTarget "Build & Test" */ = {
			isa = XCConfigurationList;
			buildConfigurations = (
				24416B8211C4CA220047AFDD /* Debug */,
				24416B8311C4CA220047AFDD /* Release */,
			);
			defaultConfigurationIsVisible = 0;
			defaultConfigurationName = Release;
		};
/* End XCConfigurationList section */
	};
	rootObject = 0867D690FE84028FC02AAC07 /* Project object */;
}
